
Microsoft Visual Studio Solution File, Format Version 12.00
# Visual Studio Version 17
VisualStudioVersion = 17.11.35327.3
MinimumVisualStudioVersion = 10.0.40219.1
Project("{9A19103F-16F7-4668-BE54-9A1E7A4F7556}") = "NEEFRA.API", "NEEFRA.API.csproj", "{0E0910DF-6883-4C20-B731-53A66FCC0B86}"
EndProject
Project("{9A19103F-16F7-4668-BE54-9A1E7A4F7556}") = "NEEFRA.Core", "..\NEFRA.Domain\NEEFRA.Core.csproj", "{A11B6B3A-5449-4DBF-B93E-BA8BACFB45FF}"
EndProject
Project("{9A19103F-16F7-4668-BE54-9A1E7A4F7556}") = "NEEFRA.Infrastructure", "..\NEEFRA.Infrastructure\NEEFRA.Infrastructure.csproj", "{382A8C90-C1A5-4FCC-A62A-72A8049CC72B}"
EndProject
Global
	GlobalSection(SolutionConfigurationPlatforms) = preSolution
		Debug|Any CPU = Debug|Any CPU
		Release|Any CPU = Release|Any CPU
	EndGlobalSection
	GlobalSection(ProjectConfigurationPlatforms) = postSolution
		{0E0910DF-6883-4C20-B731-53A66FCC0B86}.Debug|Any CPU.ActiveCfg = Debug|Any CPU
		{0E0910DF-6883-4C20-B731-53A66FCC0B86}.Debug|Any CPU.Build.0 = Debug|Any CPU
		{0E0910DF-6883-4C20-B731-53A66FCC0B86}.Release|Any CPU.ActiveCfg = Release|Any CPU
		{0E0910DF-6883-4C20-B731-53A66FCC0B86}.Release|Any CPU.Build.0 = Release|Any CPU
		{A11B6B3A-5449-4DBF-B93E-BA8BACFB45FF}.Debug|Any CPU.ActiveCfg = Debug|Any CPU
		{A11B6B3A-5449-4DBF-B93E-BA8BACFB45FF}.Debug|Any CPU.Build.0 = Debug|Any CPU
		{A11B6B3A-5449-4DBF-B93E-BA8BACFB45FF}.Release|Any CPU.ActiveCfg = Release|Any CPU
		{A11B6B3A-5449-4DBF-B93E-BA8BACFB45FF}.Release|Any CPU.Build.0 = Release|Any CPU
		{382A8C90-C1A5-4FCC-A62A-72A8049CC72B}.Debug|Any CPU.ActiveCfg = Debug|Any CPU
		{382A8C90-C1A5-4FCC-A62A-72A8049CC72B}.Debug|Any CPU.Build.0 = Debug|Any CPU
		{382A8C90-C1A5-4FCC-A62A-72A8049CC72B}.Release|Any CPU.ActiveCfg = Release|Any CPU
		{382A8C90-C1A5-4FCC-A62A-72A8049CC72B}.Release|Any CPU.Build.0 = Release|Any CPU
	EndGlobalSection
	GlobalSection(SolutionProperties) = preSolution
		HideSolutionNode = FALSE
	EndGlobalSection
	GlobalSection(ExtensibilityGlobals) = postSolution
		SolutionGuid = {41D3BCA5-73AB-4160-B2B3-EFE10979F5F1}
	EndGlobalSection
EndGlobal
